{
  "name": "pharmacy",
  "lockfileVersion": 3,
  "requires": true,
  "packages": {
    "": {
      "dependencies": {
        "serializers": "^0.1.1"
      }
    },
    "node_modules/immuton": {
      "version": "2.0.0",
      "resolved": "https://registry.npmjs.org/immuton/-/immuton-2.0.0.tgz",
      "integrity": "sha512-cTTPkDBJfIP1wSTMt3ZAEZtBOOH2bYKZMxAvmjQ1M87pmunCnnoNLhCgEtnAHlAHC7YC8yxComVTd1aiTJ264A==",
      "engines": {
        "node": ">=14.16"
      }
    },
    "node_modules/serializers": {
      "version": "0.1.1",
      "resolved": "https://registry.npmjs.org/serializers/-/serializers-0.1.1.tgz",
      "integrity": "sha512-rWCdOhYh9T+bWVqXnLfj0mAKtGK5KF9e++jppw1x7sZQfuVWvEOgW9SZOFEwUbOTFE5T3QIxNiXoOm51X/pZ2Q==",
      "dependencies": {
        "immuton": "^2.0.0"
      },
      "engines": {
        "node": ">=14.16"
      }
    }
  }
}
